
Microsoft Visual Studio Solution File, Format Version 12.00
# Visual Studio Version 17
VisualStudioVersion = 17.5.002.0
MinimumVisualStudioVersion = 10.0.40219.1
Project("{9A19103F-16F7-4668-BE54-9A1E7A4F7556}") = "kiemtranamnhuan", "kiemtranamnhuan.csproj", "{65226BE7-6924-4AF9-9010-8CB0206AEAB3}"
EndProject
Global
	GlobalSection(SolutionConfigurationPlatforms) = preSolution
		Debug|Any CPU = Debug|Any CPU
		Release|Any CPU = Release|Any CPU
	EndGlobalSection
	GlobalSection(ProjectConfigurationPlatforms) = postSolution
		{65226BE7-6924-4AF9-9010-8CB0206AEAB3}.Debug|Any CPU.ActiveCfg = Debug|Any CPU
		{65226BE7-6924-4AF9-9010-8CB0206AEAB3}.Debug|Any CPU.Build.0 = Debug|Any CPU
		{65226BE7-6924-4AF9-9010-8CB0206AEAB3}.Release|Any CPU.ActiveCfg = Release|Any CPU
		{65226BE7-6924-4AF9-9010-8CB0206AEAB3}.Release|Any CPU.Build.0 = Release|Any CPU
	EndGlobalSection
	GlobalSection(SolutionProperties) = preSolution
		HideSolutionNode = FALSE
	EndGlobalSection
	GlobalSection(ExtensibilityGlobals) = postSolution
		SolutionGuid = {2ECBCA75-3514-4C07-95BB-84646B55ED56}
	EndGlobalSection
EndGlobal
